
Microsoft Visual Studio Solution File, Format Version 12.00
# Visual Studio 14
VisualStudioVersion = 14.0.25123.0
MinimumVisualStudioVersion = 10.0.40219.1
Project("{2150E333-8FDC-42A3-9474-1A3956D46DE8}") = "Business", "Business", "{9D5C8037-0E93-4908-88E7-1E668C6FC412}"
EndProject
Project("{FAE04EC0-301F-11D3-BF4B-00C04F79EFBC}") = "Demo.Business.Bootstrapper", "Demo.Business.Bootstrapper\Demo.Business.Bootstrapper.csproj", "{94E8D7C1-AF9D-466D-A129-CB0EACFCF067}"
EndProject
Project("{FAE04EC0-301F-11D3-BF4B-00C04F79EFBC}") = "Demo.Business.Entities", "Demo.Business.Entities\Demo.Business.Entities.csproj", "{0D5BC042-9858-4EC0-BA60-F1A87F69300E}"
EndProject
Project("{2150E333-8FDC-42A3-9474-1A3956D46DE8}") = "Core", "Core", "{87A71405-031A-4CE5-8CCC-CCAAAE9F806D}"
EndProject
Project("{FAE04EC0-301F-11D3-BF4B-00C04F79EFBC}") = "Core.Common", "Core.Common\Core.Common.csproj", "{8D236A26-8D80-44C5-AD20-97302AF77EA0}"
EndProject
Project("{FAE04EC0-301F-11D3-BF4B-00C04F79EFBC}") = "Core.Common.Contracts", "Core.Common.Contracts\Core.Common.Contracts.csproj", "{F1D533F9-31FC-4C34-86A7-416161FB86C4}"
EndProject
Project("{2150E333-8FDC-42A3-9474-1A3956D46DE8}") = "Data Access", "Data Access", "{B9EAF41F-A692-4296-A4BD-F1BE603932B9}"
EndProject
Project("{FAE04EC0-301F-11D3-BF4B-00C04F79EFBC}") = "Demo.Data", "Demo.Data\Demo.Data.csproj", "{30868DAB-D71C-4771-8A2D-6E8640F5F2D8}"
EndProject
Project("{FAE04EC0-301F-11D3-BF4B-00C04F79EFBC}") = "Demo.Data.Contracts", "Demo.Data.Contracts\Demo.Data.Contracts.csproj", "{9572D288-B171-4BF4-86C7-53437E33010E}"
EndProject
Project("{2150E333-8FDC-42A3-9474-1A3956D46DE8}") = "Client", "Client", "{23CEF14B-7B9C-463F-B586-74C56C576FDE}"
EndProject
Project("{FAE04EC0-301F-11D3-BF4B-00C04F79EFBC}") = "Demo.Client.Entities", "Demo.Client.Entities\Demo.Client.Entities.csproj", "{DEC45000-ED7F-4077-B5CB-FD5C444F0DF3}"
EndProject
Project("{FAE04EC0-301F-11D3-BF4B-00C04F79EFBC}") = "Demo.Business", "Demo.Business\Demo.Business.csproj", "{129D2577-725A-4161-8BCE-923DDAE26CD1}"
EndProject
Project("{FAE04EC0-301F-11D3-BF4B-00C04F79EFBC}") = "Demo.Business.Common", "Demo.Business.Common\Demo.Business.Common.csproj", "{E2C22934-869C-4BE7-876F-C591D54597A7}"
EndProject
Project("{FAE04EC0-301F-11D3-BF4B-00C04F79EFBC}") = "Demo.Business.Contracts", "Demo.Business.Contracts\Demo.Business.Contracts.csproj", "{4F5354B7-3BE3-4317-B2E0-B39105AB1BD7}"
EndProject
Project("{FAE04EC0-301F-11D3-BF4B-00C04F79EFBC}") = "Core.Common.ServiceModel", "Core.Common.ServiceModel\Core.Common.ServiceModel.csproj", "{6117034D-6062-4257-9020-533ED9790F86}"
EndProject
Project("{FAE04EC0-301F-11D3-BF4B-00C04F79EFBC}") = "Demo.Business.Managers", "Demo.Business.Managers\Demo.Business.Managers.csproj", "{0CEA14EE-AA7B-482E-963E-75B04911BA4D}"
EndProject
Project("{2150E333-8FDC-42A3-9474-1A3956D46DE8}") = "Hosting", "Hosting", "{618B8328-B5A0-4C46-A00A-0F6D447A0DDB}"
EndProject
Project("{FAE04EC0-301F-11D3-BF4B-00C04F79EFBC}") = "Demo.ServiceHost.Console", "Demo.ServiceHost.Console\Demo.ServiceHost.Console.csproj", "{5C11B405-ABA2-48E2-8277-7C587865022B}"
EndProject
Project("{FAE04EC0-301F-11D3-BF4B-00C04F79EFBC}") = "Demo.Client.Bootstrapper", "Demo.Client.Bootstrapper\Demo.Client.Bootstrapper.csproj", "{E43814EE-5607-46C1-9056-AB63BF1CC5DD}"
EndProject
Project("{FAE04EC0-301F-11D3-BF4B-00C04F79EFBC}") = "Demo.Client.Contracts", "Demo.Client.Contracts\Demo.Client.Contracts.csproj", "{8FC4E9DA-8D51-4487-A2C7-15CFAA4B43F9}"
EndProject
Project("{FAE04EC0-301F-11D3-BF4B-00C04F79EFBC}") = "Demo.Client.Proxies", "Demo.Client.Proxies\Demo.Client.Proxies.csproj", "{E53FDC12-224F-4458-9662-6B082889C261}"
EndProject
Project("{2150E333-8FDC-42A3-9474-1A3956D46DE8}") = "Admin", "Admin", "{017C8DFE-6A3F-4713-9681-7FB05271E88A}"
EndProject
Project("{FAE04EC0-301F-11D3-BF4B-00C04F79EFBC}") = "Core.Common.UI", "Core.Common.UI\Core.Common.UI.csproj", "{7DE2FAF6-43DF-48A5-B464-E8955AF0A4DF}"
EndProject
Project("{FAE04EC0-301F-11D3-BF4B-00C04F79EFBC}") = "Demo.Admin.Client", "Demo.Admin.Client\Demo.Admin.Client.csproj", "{A69A833C-AC5B-4489-85CF-837BA41941F1}"
EndProject
Project("{FAE04EC0-301F-11D3-BF4B-00C04F79EFBC}") = "Demo.Admin.ViewModels", "Demo.Admin.ViewModels\Demo.Admin.ViewModels.csproj", "{1B829930-5585-4737-B932-849C4B10CD6E}"
EndProject
Global
	GlobalSection(SolutionConfigurationPlatforms) = preSolution
		Debug|Any CPU = Debug|Any CPU
		Release|Any CPU = Release|Any CPU
	EndGlobalSection
	GlobalSection(ProjectConfigurationPlatforms) = postSolution
		{94E8D7C1-AF9D-466D-A129-CB0EACFCF067}.Debug|Any CPU.ActiveCfg = Debug|Any CPU
		{94E8D7C1-AF9D-466D-A129-CB0EACFCF067}.Debug|Any CPU.Build.0 = Debug|Any CPU
		{94E8D7C1-AF9D-466D-A129-CB0EACFCF067}.Release|Any CPU.ActiveCfg = Release|Any CPU
		{94E8D7C1-AF9D-466D-A129-CB0EACFCF067}.Release|Any CPU.Build.0 = Release|Any CPU
		{0D5BC042-9858-4EC0-BA60-F1A87F69300E}.Debug|Any CPU.ActiveCfg = Debug|Any CPU
		{0D5BC042-9858-4EC0-BA60-F1A87F69300E}.Debug|Any CPU.Build.0 = Debug|Any CPU
		{0D5BC042-9858-4EC0-BA60-F1A87F69300E}.Release|Any CPU.ActiveCfg = Release|Any CPU
		{0D5BC042-9858-4EC0-BA60-F1A87F69300E}.Release|Any CPU.Build.0 = Release|Any CPU
		{8D236A26-8D80-44C5-AD20-97302AF77EA0}.Debug|Any CPU.ActiveCfg = Debug|Any CPU
		{8D236A26-8D80-44C5-AD20-97302AF77EA0}.Debug|Any CPU.Build.0 = Debug|Any CPU
		{8D236A26-8D80-44C5-AD20-97302AF77EA0}.Release|Any CPU.ActiveCfg = Release|Any CPU
		{8D236A26-8D80-44C5-AD20-97302AF77EA0}.Release|Any CPU.Build.0 = Release|Any CPU
		{F1D533F9-31FC-4C34-86A7-416161FB86C4}.Debug|Any CPU.ActiveCfg = Debug|Any CPU
		{F1D533F9-31FC-4C34-86A7-416161FB86C4}.Debug|Any CPU.Build.0 = Debug|Any CPU
		{F1D533F9-31FC-4C34-86A7-416161FB86C4}.Release|Any CPU.ActiveCfg = Release|Any CPU
		{F1D533F9-31FC-4C34-86A7-416161FB86C4}.Release|Any CPU.Build.0 = Release|Any CPU
		{30868DAB-D71C-4771-8A2D-6E8640F5F2D8}.Debug|Any CPU.ActiveCfg = Debug|Any CPU
		{30868DAB-D71C-4771-8A2D-6E8640F5F2D8}.Debug|Any CPU.Build.0 = Debug|Any CPU
		{30868DAB-D71C-4771-8A2D-6E8640F5F2D8}.Release|Any CPU.ActiveCfg = Release|Any CPU
		{30868DAB-D71C-4771-8A2D-6E8640F5F2D8}.Release|Any CPU.Build.0 = Release|Any CPU
		{9572D288-B171-4BF4-86C7-53437E33010E}.Debug|Any CPU.ActiveCfg = Debug|Any CPU
		{9572D288-B171-4BF4-86C7-53437E33010E}.Debug|Any CPU.Build.0 = Debug|Any CPU
		{9572D288-B171-4BF4-86C7-53437E33010E}.Release|Any CPU.ActiveCfg = Release|Any CPU
		{9572D288-B171-4BF4-86C7-53437E33010E}.Release|Any CPU.Build.0 = Release|Any CPU
		{DEC45000-ED7F-4077-B5CB-FD5C444F0DF3}.Debug|Any CPU.ActiveCfg = Debug|Any CPU
		{DEC45000-ED7F-4077-B5CB-FD5C444F0DF3}.Debug|Any CPU.Build.0 = Debug|Any CPU
		{DEC45000-ED7F-4077-B5CB-FD5C444F0DF3}.Release|Any CPU.ActiveCfg = Release|Any CPU
		{DEC45000-ED7F-4077-B5CB-FD5C444F0DF3}.Release|Any CPU.Build.0 = Release|Any CPU
		{129D2577-725A-4161-8BCE-923DDAE26CD1}.Debug|Any CPU.ActiveCfg = Debug|Any CPU
		{129D2577-725A-4161-8BCE-923DDAE26CD1}.Debug|Any CPU.Build.0 = Debug|Any CPU
		{129D2577-725A-4161-8BCE-923DDAE26CD1}.Release|Any CPU.ActiveCfg = Release|Any CPU
		{129D2577-725A-4161-8BCE-923DDAE26CD1}.Release|Any CPU.Build.0 = Release|Any CPU
		{E2C22934-869C-4BE7-876F-C591D54597A7}.Debug|Any CPU.ActiveCfg = Debug|Any CPU
		{E2C22934-869C-4BE7-876F-C591D54597A7}.Debug|Any CPU.Build.0 = Debug|Any CPU
		{E2C22934-869C-4BE7-876F-C591D54597A7}.Release|Any CPU.ActiveCfg = Release|Any CPU
		{E2C22934-869C-4BE7-876F-C591D54597A7}.Release|Any CPU.Build.0 = Release|Any CPU
		{4F5354B7-3BE3-4317-B2E0-B39105AB1BD7}.Debug|Any CPU.ActiveCfg = Debug|Any CPU
		{4F5354B7-3BE3-4317-B2E0-B39105AB1BD7}.Debug|Any CPU.Build.0 = Debug|Any CPU
		{4F5354B7-3BE3-4317-B2E0-B39105AB1BD7}.Release|Any CPU.ActiveCfg = Release|Any CPU
		{4F5354B7-3BE3-4317-B2E0-B39105AB1BD7}.Release|Any CPU.Build.0 = Release|Any CPU
		{6117034D-6062-4257-9020-533ED9790F86}.Debug|Any CPU.ActiveCfg = Debug|Any CPU
		{6117034D-6062-4257-9020-533ED9790F86}.Debug|Any CPU.Build.0 = Debug|Any CPU
		{6117034D-6062-4257-9020-533ED9790F86}.Release|Any CPU.ActiveCfg = Release|Any CPU
		{6117034D-6062-4257-9020-533ED9790F86}.Release|Any CPU.Build.0 = Release|Any CPU
		{0CEA14EE-AA7B-482E-963E-75B04911BA4D}.Debug|Any CPU.ActiveCfg = Debug|Any CPU
		{0CEA14EE-AA7B-482E-963E-75B04911BA4D}.Debug|Any CPU.Build.0 = Debug|Any CPU
		{0CEA14EE-AA7B-482E-963E-75B04911BA4D}.Release|Any CPU.ActiveCfg = Release|Any CPU
		{0CEA14EE-AA7B-482E-963E-75B04911BA4D}.Release|Any CPU.Build.0 = Release|Any CPU
		{5C11B405-ABA2-48E2-8277-7C587865022B}.Debug|Any CPU.ActiveCfg = Debug|Any CPU
		{5C11B405-ABA2-48E2-8277-7C587865022B}.Debug|Any CPU.Build.0 = Debug|Any CPU
		{5C11B405-ABA2-48E2-8277-7C587865022B}.Release|Any CPU.ActiveCfg = Release|Any CPU
		{5C11B405-ABA2-48E2-8277-7C587865022B}.Release|Any CPU.Build.0 = Release|Any CPU
		{E43814EE-5607-46C1-9056-AB63BF1CC5DD}.Debug|Any CPU.ActiveCfg = Debug|Any CPU
		{E43814EE-5607-46C1-9056-AB63BF1CC5DD}.Debug|Any CPU.Build.0 = Debug|Any CPU
		{E43814EE-5607-46C1-9056-AB63BF1CC5DD}.Release|Any CPU.ActiveCfg = Release|Any CPU
		{E43814EE-5607-46C1-9056-AB63BF1CC5DD}.Release|Any CPU.Build.0 = Release|Any CPU
		{8FC4E9DA-8D51-4487-A2C7-15CFAA4B43F9}.Debug|Any CPU.ActiveCfg = Debug|Any CPU
		{8FC4E9DA-8D51-4487-A2C7-15CFAA4B43F9}.Debug|Any CPU.Build.0 = Debug|Any CPU
		{8FC4E9DA-8D51-4487-A2C7-15CFAA4B43F9}.Release|Any CPU.ActiveCfg = Release|Any CPU
		{8FC4E9DA-8D51-4487-A2C7-15CFAA4B43F9}.Release|Any CPU.Build.0 = Release|Any CPU
		{E53FDC12-224F-4458-9662-6B082889C261}.Debug|Any CPU.ActiveCfg = Debug|Any CPU
		{E53FDC12-224F-4458-9662-6B082889C261}.Debug|Any CPU.Build.0 = Debug|Any CPU
		{E53FDC12-224F-4458-9662-6B082889C261}.Release|Any CPU.ActiveCfg = Release|Any CPU
		{E53FDC12-224F-4458-9662-6B082889C261}.Release|Any CPU.Build.0 = Release|Any CPU
		{7DE2FAF6-43DF-48A5-B464-E8955AF0A4DF}.Debug|Any CPU.ActiveCfg = Debug|Any CPU
		{7DE2FAF6-43DF-48A5-B464-E8955AF0A4DF}.Debug|Any CPU.Build.0 = Debug|Any CPU
		{7DE2FAF6-43DF-48A5-B464-E8955AF0A4DF}.Release|Any CPU.ActiveCfg = Release|Any CPU
		{7DE2FAF6-43DF-48A5-B464-E8955AF0A4DF}.Release|Any CPU.Build.0 = Release|Any CPU
		{A69A833C-AC5B-4489-85CF-837BA41941F1}.Debug|Any CPU.ActiveCfg = Debug|Any CPU
		{A69A833C-AC5B-4489-85CF-837BA41941F1}.Debug|Any CPU.Build.0 = Debug|Any CPU
		{A69A833C-AC5B-4489-85CF-837BA41941F1}.Release|Any CPU.ActiveCfg = Release|Any CPU
		{A69A833C-AC5B-4489-85CF-837BA41941F1}.Release|Any CPU.Build.0 = Release|Any CPU
		{1B829930-5585-4737-B932-849C4B10CD6E}.Debug|Any CPU.ActiveCfg = Debug|Any CPU
		{1B829930-5585-4737-B932-849C4B10CD6E}.Debug|Any CPU.Build.0 = Debug|Any CPU
		{1B829930-5585-4737-B932-849C4B10CD6E}.Release|Any CPU.ActiveCfg = Release|Any CPU
		{1B829930-5585-4737-B932-849C4B10CD6E}.Release|Any CPU.Build.0 = Release|Any CPU
	EndGlobalSection
	GlobalSection(SolutionProperties) = preSolution
		HideSolutionNode = FALSE
	EndGlobalSection
	GlobalSection(NestedProjects) = preSolution
		{94E8D7C1-AF9D-466D-A129-CB0EACFCF067} = {9D5C8037-0E93-4908-88E7-1E668C6FC412}
		{0D5BC042-9858-4EC0-BA60-F1A87F69300E} = {9D5C8037-0E93-4908-88E7-1E668C6FC412}
		{8D236A26-8D80-44C5-AD20-97302AF77EA0} = {87A71405-031A-4CE5-8CCC-CCAAAE9F806D}
		{F1D533F9-31FC-4C34-86A7-416161FB86C4} = {87A71405-031A-4CE5-8CCC-CCAAAE9F806D}
		{30868DAB-D71C-4771-8A2D-6E8640F5F2D8} = {B9EAF41F-A692-4296-A4BD-F1BE603932B9}
		{9572D288-B171-4BF4-86C7-53437E33010E} = {B9EAF41F-A692-4296-A4BD-F1BE603932B9}
		{DEC45000-ED7F-4077-B5CB-FD5C444F0DF3} = {23CEF14B-7B9C-463F-B586-74C56C576FDE}
		{129D2577-725A-4161-8BCE-923DDAE26CD1} = {9D5C8037-0E93-4908-88E7-1E668C6FC412}
		{E2C22934-869C-4BE7-876F-C591D54597A7} = {9D5C8037-0E93-4908-88E7-1E668C6FC412}
		{4F5354B7-3BE3-4317-B2E0-B39105AB1BD7} = {9D5C8037-0E93-4908-88E7-1E668C6FC412}
		{6117034D-6062-4257-9020-533ED9790F86} = {87A71405-031A-4CE5-8CCC-CCAAAE9F806D}
		{0CEA14EE-AA7B-482E-963E-75B04911BA4D} = {9D5C8037-0E93-4908-88E7-1E668C6FC412}
		{5C11B405-ABA2-48E2-8277-7C587865022B} = {618B8328-B5A0-4C46-A00A-0F6D447A0DDB}
		{E43814EE-5607-46C1-9056-AB63BF1CC5DD} = {23CEF14B-7B9C-463F-B586-74C56C576FDE}
		{8FC4E9DA-8D51-4487-A2C7-15CFAA4B43F9} = {23CEF14B-7B9C-463F-B586-74C56C576FDE}
		{E53FDC12-224F-4458-9662-6B082889C261} = {23CEF14B-7B9C-463F-B586-74C56C576FDE}
		{7DE2FAF6-43DF-48A5-B464-E8955AF0A4DF} = {87A71405-031A-4CE5-8CCC-CCAAAE9F806D}
		{A69A833C-AC5B-4489-85CF-837BA41941F1} = {017C8DFE-6A3F-4713-9681-7FB05271E88A}
		{1B829930-5585-4737-B932-849C4B10CD6E} = {017C8DFE-6A3F-4713-9681-7FB05271E88A}
	EndGlobalSection
EndGlobal
